<?xml version="1.0" encoding="utf-8"?>
<Project ToolsVersion="4.0" xmlns="http://schemas.microsoft.com/developer/msbuild/2003">
  <ItemGroup>
    <Filter Include="ソース ファイル">
      <UniqueIdentifier>{4FC737F1-C7A5-4376-A066-2A32D752A2FF}</UniqueIdentifier>
      <Extensions>cpp;c;cc;cxx;def;odl;idl;hpj;bat;asm;asmx</Extensions>
    </Filter>
    <Filter Include="ヘッダー ファイル">
      <UniqueIdentifier>{93995380-89BD-4b04-88EB-625FBE52EBFB}</UniqueIdentifier>
      <Extensions>h;hh;hpp;hxx;hm;inl;inc;xsd</Extensions>
    </Filter>
    <Filter Include="リソース ファイル">
      <UniqueIdentifier>{67DA6AB6-F800-4c08-8B7A-83BB121AAD01}</UniqueIdentifier>
      <Extensions>rc;ico;cur;bmp;dlg;rc2;rct;bin;rgs;gif;jpg;jpeg;jpe;resx;tiff;tif;png;wav;mfcribbon-ms</Extensions>
    </Filter>
    <Filter Include="Code">
      <UniqueIdentifier>{14d87121-be3d-4431-a940-092000a84384}</UniqueIdentifier>
    </Filter>
    <Filter Include="Code\Game">
      <UniqueIdentifier>{7743b700-955a-4a70-9e39-5d547fa06594}</UniqueIdentifier>
    </Filter>
    <Filter Include="Code\Game\Common">
      <UniqueIdentifier>{63ad6cf0-bb88-4ca7-ae3f-3e1d1b01f6e2}</UniqueIdentifier>
    </Filter>
    <Filter Include="Code\Game\Scene">
      <UniqueIdentifier>{f6aebc93-48dc-4e03-bd0a-934f07f7acc0}</UniqueIdentifier>
    </Filter>
    <Filter Include="Code\Game\Scene\Boot">
      <UniqueIdentifier>{a695f92d-5a1d-4097-a4d7-58aa3aa97647}</UniqueIdentifier>
    </Filter>
    <Filter Include="Code\Game\Scene\Test">
      <UniqueIdentifier>{49a7d4a0-f7ff-447f-810d-ef3dc43d3560}</UniqueIdentifier>
    </Filter>
  </ItemGroup>
  <ItemGroup>
    <ClCompile Include="Code\winmain.cpp">
      <Filter>Code</Filter>
    </ClCompile>
    <ClCompile Include="Code\Game\GameMain.cpp">
      <Filter>Code\Game</Filter>
    </ClCompile>
    <ClCompile Include="Code\Game\Common\GameCommon.cpp">
      <Filter>Code\Game\Common</Filter>
    </ClCompile>
    <ClCompile Include="Code\Game\Scene\Scene.cpp">
      <Filter>Code\Game\Scene</Filter>
    </ClCompile>
    <ClCompile Include="Code\Game\Scene\Boot\Boot.cpp">
      <Filter>Code\Game\Scene\Boot</Filter>
    </ClCompile>
    <ClCompile Include="Code\Game\Scene\Test\TestMenu.cpp">
      <Filter>Code\Game\Scene\Test</Filter>
    </ClCompile>
  </ItemGroup>
  <ItemGroup>
    <ClInclude Include="Code\Game\Common\GameCommon.h">
      <Filter>Code\Game\Common</Filter>
    </ClInclude>
    <ClInclude Include="Code\Game\GameMain.h">
      <Filter>Code\Game</Filter>
    </ClInclude>
    <ClInclude Include="Code\Game\Scene\Scene.h">
      <Filter>Code\Game\Scene</Filter>
    </ClInclude>
    <ClInclude Include="Code\Game\Scene\Boot\Boot.h">
      <Filter>Code\Game\Scene\Boot</Filter>
    </ClInclude>
    <ClInclude Include="Code\Game\Scene\Test\TestMenu.h">
      <Filter>Code\Game\Scene\Test</Filter>
    </ClInclude>
  </ItemGroup>
</Project>